<?xml version="1.0" encoding="utf-8"?>
<Project ToolsVersion="4.0" xmlns="http://schemas.microsoft.com/developer/msbuild/2003">
  <ItemGroup>
    <Filter Include="소스 파일">
      <UniqueIdentifier>{4FC737F1-C7A5-4376-A066-2A32D752A2FF}</UniqueIdentifier>
      <Extensions>cpp;c;cc;cxx;c++;cppm;ixx;def;odl;idl;hpj;bat;asm;asmx</Extensions>
    </Filter>
    <Filter Include="헤더 파일">
      <UniqueIdentifier>{93995380-89BD-4b04-88EB-625FBE52EBFB}</UniqueIdentifier>
      <Extensions>h;hh;hpp;hxx;h++;hm;inl;inc;ipp;xsd</Extensions>
    </Filter>
    <Filter Include="리소스 파일">
      <UniqueIdentifier>{67DA6AB6-F800-4c08-8B7A-83BB121AAD01}</UniqueIdentifier>
      <Extensions>rc;ico;cur;bmp;dlg;rc2;rct;bin;rgs;gif;jpg;jpeg;jpe;resx;tiff;tif;png;wav;mfcribbon-ms</Extensions>
    </Filter>
    <Filter Include="Scripts">
      <UniqueIdentifier>{51c7c679-b50d-46a0-aeb4-5af557e74fdf}</UniqueIdentifier>
    </Filter>
    <Filter Include="Scripts\ButtonTest">
      <UniqueIdentifier>{e3b9643b-d1a2-462a-9164-14ff1fc50b0b}</UniqueIdentifier>
    </Filter>
    <Filter Include="MainScene">
      <UniqueIdentifier>{f1421778-0388-4ad7-947e-558ebe6abe02}</UniqueIdentifier>
    </Filter>
    <Filter Include="Untouchable">
      <UniqueIdentifier>{8a31e1c5-a4f6-4eb8-9edc-1b6dda582ce5}</UniqueIdentifier>
    </Filter>
    <Filter Include="SampleFile">
      <UniqueIdentifier>{55fdba89-d5bd-46d9-9f4d-dc5c81198352}</UniqueIdentifier>
    </Filter>
    <Filter Include="Scripts\Items">
      <UniqueIdentifier>{e3a5e1c9-459f-4c15-89d9-b5ab3607fdea}</UniqueIdentifier>
    </Filter>
    <Filter Include="Scripts\SpawnManager">
      <UniqueIdentifier>{26d23b65-ee9d-464d-bcda-a77eab820a6a}</UniqueIdentifier>
    </Filter>
    <Filter Include="TestScene">
      <UniqueIdentifier>{2d957d93-a156-4bf5-8c30-68f6e2366393}</UniqueIdentifier>
    </Filter>
    <Filter Include="Scripts\Inventory">
      <UniqueIdentifier>{05878aea-ee56-4e6e-a3cc-0a2390868afc}</UniqueIdentifier>
    </Filter>
    <Filter Include="Player">
      <UniqueIdentifier>{b9d1abe3-e78c-48f1-9bd8-b83c8acb6f24}</UniqueIdentifier>
    </Filter>
    <Filter Include="Scripts\Bush">
      <UniqueIdentifier>{4595413d-120b-4a53-a321-2e1511ebb03e}</UniqueIdentifier>
    </Filter>
    <Filter Include="Scripts\GameManager">
      <UniqueIdentifier>{b72e3451-2845-4bc8-be41-97ea2b3d1d47}</UniqueIdentifier>
    </Filter>
    <Filter Include="Scripts\HungryGauge">
      <UniqueIdentifier>{c206c57c-0f20-4854-a129-b35d8bd0805b}</UniqueIdentifier>
    </Filter>
    <Filter Include="Scripts\Timer">
      <UniqueIdentifier>{b3f17829-6704-44ed-83fd-325d430a8a81}</UniqueIdentifier>
    </Filter>
    <Filter Include="UI">
      <UniqueIdentifier>{99eb897f-f406-42af-9f0d-ce818c5a37ab}</UniqueIdentifier>
    </Filter>
    <Filter Include="Scripts\ButtonTest\Setting">
      <UniqueIdentifier>{c05a8db5-c86b-4ac7-a0df-960c004e1da0}</UniqueIdentifier>
    </Filter>
    <Filter Include="Scripts\ButtonTest\Start">
      <UniqueIdentifier>{64150224-7cc5-4f7e-8088-4ca896d9e0ea}</UniqueIdentifier>
    </Filter>
    <Filter Include="Scripts\ButtonTest\Setting\Quit">
      <UniqueIdentifier>{44d57085-9ba7-4d7b-a39c-cde89854a268}</UniqueIdentifier>
    </Filter>
    <Filter Include="Scripts\ButtonTest\Setting\Check">
      <UniqueIdentifier>{5a76c527-eb8f-497d-9c92-69e00bfe427f}</UniqueIdentifier>
    </Filter>
    <Filter Include="Scripts\EscBtn">
      <UniqueIdentifier>{94c2b36a-39c0-4a7b-8988-144041b5476b}</UniqueIdentifier>
    </Filter>
    <Filter Include="Scripts\ButtonTest\TitleBtn">
      <UniqueIdentifier>{2541ef50-4445-4182-aab9-91db37f065a4}</UniqueIdentifier>
    </Filter>
  </ItemGroup>
  <ItemGroup>
    <ClCompile Include="ExampleScene.cpp">
      <Filter>소스 파일</Filter>
    </ClCompile>
    <ClCompile Include="MainScene.cpp">
      <Filter>MainScene</Filter>
    </ClCompile>
    <ClCompile Include="Game.cpp">
      <Filter>Untouchable</Filter>
    </ClCompile>
    <ClCompile Include="main.cpp">
      <Filter>Untouchable</Filter>
    </ClCompile>
    <ClCompile Include="CinemachineCamera.cpp">
      <Filter>소스 파일</Filter>
    </ClCompile>
    <ClCompile Include="PlayerController_Sample.cpp">
      <Filter>SampleFile</Filter>
    </ClCompile>
    <ClCompile Include="Crop.cpp">
      <Filter>Scripts\Items</Filter>
    </ClCompile>
    <ClCompile Include="Potato.cpp">
      <Filter>Scripts\Items</Filter>
    </ClCompile>
    <ClCompile Include="Eggplant.cpp">
      <Filter>Scripts\Items</Filter>
    </ClCompile>
    <ClCompile Include="Pumpkin.cpp">
      <Filter>Scripts\Items</Filter>
    </ClCompile>
    <ClCompile Include="SpawnManager.cpp">
      <Filter>Scripts\SpawnManager</Filter>
    </ClCompile>
    <ClCompile Include="GameObjectFindTest.cpp">
      <Filter>소스 파일</Filter>
    </ClCompile>
    <ClCompile Include="Farmer.cpp">
      <Filter>소스 파일</Filter>
    </ClCompile>
    <ClCompile Include="Inventory.cpp">
      <Filter>Scripts\Inventory</Filter>
    </ClCompile>
    <ClCompile Include="InventorySlot.cpp">
      <Filter>Scripts\Inventory</Filter>
    </ClCompile>
    <ClCompile Include="PlayerController.cpp">
      <Filter>Player</Filter>
    </ClCompile>
    <ClCompile Include="Player.cpp">
      <Filter>Player</Filter>
    </ClCompile>
    <ClCompile Include="StealMessage.cpp">
      <Filter>Scripts\Items</Filter>
    </ClCompile>
    <ClCompile Include="FarmerZone.cpp">
      <Filter>소스 파일</Filter>
    </ClCompile>
    <ClCompile Include="FarmerManager.cpp">
      <Filter>소스 파일</Filter>
    </ClCompile>
    <ClCompile Include="PlayerAnimator.cpp">
      <Filter>Player</Filter>
    </ClCompile>
    <ClCompile Include="TestTitleScene.cpp">
      <Filter>TestScene</Filter>
    </ClCompile>
    <ClCompile Include="Bush.cpp">
      <Filter>Scripts\Bush</Filter>
    </ClCompile>
    <ClCompile Include="PlayerSound.cpp">
      <Filter>Player</Filter>
    </ClCompile>
    <ClCompile Include="DTtestScene.cpp">
      <Filter>소스 파일</Filter>
    </ClCompile>
    <ClCompile Include="YSort.cpp">
      <Filter>소스 파일</Filter>
    </ClCompile>
    <ClCompile Include="ArtTestView.cpp">
      <Filter>TestScene</Filter>
    </ClCompile>
    <ClCompile Include="GameManager.cpp">
      <Filter>Scripts\GameManager</Filter>
    </ClCompile>
    <ClCompile Include="HungryGauge.cpp">
      <Filter>Scripts\HungryGauge</Filter>
    </ClCompile>
    <ClCompile Include="Timer.cpp">
      <Filter>Scripts\Timer</Filter>
    </ClCompile>
    <ClCompile Include="EndingScene.cpp">
      <Filter>소스 파일</Filter>
    </ClCompile>
    <ClCompile Include="UI_Score.cpp">
      <Filter>UI</Filter>
    </ClCompile>
    <ClCompile Include="EndSceneManager.cpp">
      <Filter>소스 파일</Filter>
    </ClCompile>
    <ClCompile Include="SettingButton.cpp">
      <Filter>Scripts\ButtonTest\Setting</Filter>
    </ClCompile>
    <ClCompile Include="StartButton.cpp">
      <Filter>Scripts\ButtonTest\Start</Filter>
    </ClCompile>
    <ClCompile Include="QuitSetting.cpp">
      <Filter>Scripts\ButtonTest\Setting\Quit</Filter>
    </ClCompile>
    <ClCompile Include="AcceptSetting.cpp">
      <Filter>Scripts\ButtonTest\Setting\Check</Filter>
    </ClCompile>
    <ClCompile Include="AttackEffect.cpp">
      <Filter>소스 파일</Filter>
    </ClCompile>
    <ClCompile Include="AttackPattern.cpp">
      <Filter>소스 파일</Filter>
    </ClCompile>
    <ClCompile Include="Baby.cpp">
      <Filter>Player</Filter>
    </ClCompile>
    <ClCompile Include="SubMissionArea.cpp">
      <Filter>Scripts</Filter>
    </ClCompile>
    <ClCompile Include="EscBtn.cpp">
      <Filter>Scripts\EscBtn</Filter>
    </ClCompile>
    <ClCompile Include="TitleBtn.cpp">
      <Filter>Scripts\ButtonTest\TitleBtn</Filter>
    </ClCompile>
  </ItemGroup>
  <ItemGroup>
    <ClInclude Include="ExampleScene.h">
      <Filter>헤더 파일</Filter>
    </ClInclude>
    <ClInclude Include="MainScene.h">
      <Filter>MainScene</Filter>
    </ClInclude>
    <ClInclude Include="Game.h">
      <Filter>Untouchable</Filter>
    </ClInclude>
    <ClInclude Include="PlayerController_Sample.h">
      <Filter>SampleFile</Filter>
    </ClInclude>
    <ClInclude Include="CinemachineCamera.h">
      <Filter>헤더 파일</Filter>
    </ClInclude>
    <ClInclude Include="Crop.h">
      <Filter>Scripts\Items</Filter>
    </ClInclude>
    <ClInclude Include="Pumpkin.h">
      <Filter>Scripts\Items</Filter>
    </ClInclude>
    <ClInclude Include="Eggplant.h">
      <Filter>Scripts\Items</Filter>
    </ClInclude>
    <ClInclude Include="Potato.h">
      <Filter>Scripts\Items</Filter>
    </ClInclude>
    <ClInclude Include="SpawnManager.h">
      <Filter>Scripts\SpawnManager</Filter>
    </ClInclude>
    <ClInclude Include="GameObjectFindTest.h">
      <Filter>헤더 파일</Filter>
    </ClInclude>
    <ClInclude Include="Farmer.h">
      <Filter>헤더 파일</Filter>
    </ClInclude>
    <ClInclude Include="Inventory.h">
      <Filter>Scripts\Inventory</Filter>
    </ClInclude>
    <ClInclude Include="InventorySlot.h">
      <Filter>Scripts\Inventory</Filter>
    </ClInclude>
    <ClInclude Include="PlayerController.h">
      <Filter>Player</Filter>
    </ClInclude>
    <ClInclude Include="Player.h">
      <Filter>Player</Filter>
    </ClInclude>
    <ClInclude Include="StealMessage.h">
      <Filter>Scripts\Items</Filter>
    </ClInclude>
    <ClInclude Include="FarmerZone.h">
      <Filter>헤더 파일</Filter>
    </ClInclude>
    <ClInclude Include="FarmerManager.h">
      <Filter>헤더 파일</Filter>
    </ClInclude>
    <ClInclude Include="PlayerAnimator.h">
      <Filter>Player</Filter>
    </ClInclude>
    <ClInclude Include="TestTitleScene.h">
      <Filter>TestScene</Filter>
    </ClInclude>
    <ClInclude Include="Bush.h">
      <Filter>Scripts\Bush</Filter>
    </ClInclude>
    <ClInclude Include="PlayerSound.h">
      <Filter>Player</Filter>
    </ClInclude>
    <ClInclude Include="DTtestScene.h">
      <Filter>헤더 파일</Filter>
    </ClInclude>
    <ClInclude Include="YSort.h">
      <Filter>헤더 파일</Filter>
    </ClInclude>
    <ClInclude Include="ArtTestView.h">
      <Filter>TestScene</Filter>
    </ClInclude>
    <ClInclude Include="GameManager.h">
      <Filter>Scripts\GameManager</Filter>
    </ClInclude>
    <ClInclude Include="HungryGauge.h">
      <Filter>Scripts\HungryGauge</Filter>
    </ClInclude>
    <ClInclude Include="Timer.h">
      <Filter>Scripts\Timer</Filter>
    </ClInclude>
    <ClInclude Include="EndingScene.h">
      <Filter>헤더 파일</Filter>
    </ClInclude>
    <ClInclude Include="UI_Score.h">
      <Filter>UI</Filter>
    </ClInclude>
    <ClInclude Include="EndSceneManager.h">
      <Filter>헤더 파일</Filter>
    </ClInclude>
    <ClInclude Include="SettingButton.h">
      <Filter>Scripts\ButtonTest\Setting</Filter>
    </ClInclude>
    <ClInclude Include="StartButton.h">
      <Filter>Scripts\ButtonTest\Start</Filter>
    </ClInclude>
    <ClInclude Include="QuitSetting.h">
      <Filter>Scripts\ButtonTest\Setting\Quit</Filter>
    </ClInclude>
    <ClInclude Include="AcceptSetting.h">
      <Filter>Scripts\ButtonTest\Setting\Check</Filter>
    </ClInclude>
    <ClInclude Include="AttackEffect.h">
      <Filter>헤더 파일</Filter>
    </ClInclude>
    <ClInclude Include="AttackPattern.h">
      <Filter>헤더 파일</Filter>
    </ClInclude>
    <ClInclude Include="Baby.h">
      <Filter>Player</Filter>
    </ClInclude>
    <ClInclude Include="SubMissionArea.h">
      <Filter>Scripts</Filter>
    </ClInclude>
    <ClInclude Include="EscBtn.h">
      <Filter>Scripts\EscBtn</Filter>
    </ClInclude>
    <ClInclude Include="TitleBtn.h">
      <Filter>Scripts\ButtonTest\TitleBtn</Filter>
    </ClInclude>
  </ItemGroup>
</Project>