<?xml version="1.0" encoding="utf-8"?>
<Project ToolsVersion="4.0" xmlns="http://schemas.microsoft.com/developer/msbuild/2003">
  <ItemGroup>
    <Filter Include="소스 파일">
      <UniqueIdentifier>{4FC737F1-C7A5-4376-A066-2A32D752A2FF}</UniqueIdentifier>
      <Extensions>cpp;c;cc;cxx;c++;cppm;ixx;def;odl;idl;hpj;bat;asm;asmx</Extensions>
    </Filter>
    <Filter Include="헤더 파일">
      <UniqueIdentifier>{93995380-89BD-4b04-88EB-625FBE52EBFB}</UniqueIdentifier>
      <Extensions>h;hh;hpp;hxx;h++;hm;inl;inc;ipp;xsd</Extensions>
    </Filter>
    <Filter Include="리소스 파일">
      <UniqueIdentifier>{67DA6AB6-F800-4c08-8B7A-83BB121AAD01}</UniqueIdentifier>
      <Extensions>rc;ico;cur;bmp;dlg;rc2;rct;bin;rgs;gif;jpg;jpeg;jpe;resx;tiff;tif;png;wav;mfcribbon-ms</Extensions>
    </Filter>
    <Filter Include="Scripts">
      <UniqueIdentifier>{51c7c679-b50d-46a0-aeb4-5af557e74fdf}</UniqueIdentifier>
    </Filter>
    <Filter Include="Scripts\ButtonTest">
      <UniqueIdentifier>{e3b9643b-d1a2-462a-9164-14ff1fc50b0b}</UniqueIdentifier>
    </Filter>
    <Filter Include="MainScene">
      <UniqueIdentifier>{f1421778-0388-4ad7-947e-558ebe6abe02}</UniqueIdentifier>
    </Filter>
    <Filter Include="Scripts\Items">
      <UniqueIdentifier>{e3a5e1c9-459f-4c15-89d9-b5ab3607fdea}</UniqueIdentifier>
    </Filter>
  </ItemGroup>
  <ItemGroup>
    <ClCompile Include="main.cpp">
      <Filter>소스 파일</Filter>
    </ClCompile>
    <ClCompile Include="Game.cpp">
      <Filter>소스 파일</Filter>
    </ClCompile>
    <ClCompile Include="ExampleScene.cpp">
      <Filter>소스 파일</Filter>
    </ClCompile>
    <ClCompile Include="PlayerController_Sample.cpp">
      <Filter>소스 파일</Filter>
    </ClCompile>
    <ClCompile Include="CinemachineCamera.cpp">
      <Filter>소스 파일</Filter>
    </ClCompile>
    <ClCompile Include="UITest.cpp">
      <Filter>Scripts\ButtonTest</Filter>
    </ClCompile>
    <ClCompile Include="MainScene.cpp">
      <Filter>MainScene</Filter>
    </ClCompile>
    <ClCompile Include="PlayerController.cpp">
      <Filter>소스 파일</Filter>
    </ClCompile>
    <ClCompile Include="Crop.cpp">
      <Filter>Scripts\Items</Filter>
    </ClCompile>
    <ClCompile Include="Potato.cpp">
      <Filter>Scripts\Items</Filter>
    </ClCompile>
    <ClCompile Include="Eggplant.cpp">
      <Filter>Scripts\Items</Filter>
    </ClCompile>
    <ClCompile Include="Pumpkin.cpp">
      <Filter>Scripts\Items</Filter>
    </ClCompile>
  </ItemGroup>
  <ItemGroup>
    <ClInclude Include="Game.h">
      <Filter>헤더 파일</Filter>
    </ClInclude>
    <ClInclude Include="ExampleScene.h">
      <Filter>헤더 파일</Filter>
    </ClInclude>
    <ClInclude Include="PlayerController_Sample.h">
      <Filter>헤더 파일</Filter>
    </ClInclude>
    <ClInclude Include="CinemachineCamera.h">
      <Filter>헤더 파일</Filter>
    </ClInclude>
    <ClInclude Include="UITest.h">
      <Filter>Scripts\ButtonTest</Filter>
    </ClInclude>
    <ClInclude Include="MainScene.h">
      <Filter>MainScene</Filter>
    </ClInclude>
    <ClInclude Include="PlayerController.h">
      <Filter>헤더 파일</Filter>
    </ClInclude>
    <ClInclude Include="Crop.h">
      <Filter>Scripts\Items</Filter>
    </ClInclude>
    <ClInclude Include="Pumpkin.h">
      <Filter>Scripts\Items</Filter>
    </ClInclude>
    <ClInclude Include="Eggplant.h">
      <Filter>Scripts\Items</Filter>
    </ClInclude>
    <ClInclude Include="Potato.h">
      <Filter>Scripts\Items</Filter>
    </ClInclude>
  </ItemGroup>
</Project>